// !$*UTF8*$!
{
	archiveVersion = 1;
	classes = {
	};
	objectVersion = 46;
	objects = {

/* Begin PBXBuildFile section */
		6F479988210835C800B9AEC1 /* Data+HexString.m in Sources */ = {isa = PBXBuildFile; fileRef = 6F479980210835C700B9AEC1 /* Data+HexString.m */; };
		6F479989210835C800B9AEC1 /* HDKeyPair.m in Sources */ = {isa = PBXBuildFile; fileRef = 6F479982210835C700B9AEC1 /* HDKeyPair.m */; };
		6F47998A210835C800B9AEC1 /* KeyIndexPath.m in Sources */ = {isa = PBXBuildFile; fileRef = 6F479984210835C800B9AEC1 /* KeyIndexPath.m */; };
		6F47998B210835C800B9AEC1 /* KeyDerivation.m in Sources */ = {isa = PBXBuildFile; fileRef = 6F479987210835C800B9AEC1 /* KeyDerivation.m */; };
		6F47998E2108362100B9AEC1 /* Mnemonic.m in Sources */ = {isa = PBXBuildFile; fileRef = 6F47998C2108362100B9AEC1 /* Mnemonic.m */; };
		B3E7B58A1CC2AC0600A0062D /* RNGoldenKeystore.m in Sources */ = {isa = PBXBuildFile; fileRef = B3E7B5891CC2AC0600A0062D /* RNGoldenKeystore.m */; };
		420E26B2CA494AEAB9EA65B5 /* libRNCAsyncStorage.a in Frameworks */ = {isa = PBXBuildFile; fileRef = 40272C2A06C94619934732F2 /* libRNCAsyncStorage.a */; };
		28325FB6FF5C4459956849BC /* libRNGestureHandler.a in Frameworks */ = {isa = PBXBuildFile; fileRef = 1F905ACA0AC54E0495F61B2C /* libRNGestureHandler.a */; };
		35FF540EC8D648BF8DF5330A /* libRNReactNativeHapticFeedback.a in Frameworks */ = {isa = PBXBuildFile; fileRef = C49C9FDE5E31457AAF0B1C3E /* libRNReactNativeHapticFeedback.a */; };
		9A00035DE60944B3BAD6BD0B /* libRNMixpanel.a in Frameworks */ = {isa = PBXBuildFile; fileRef = A91C85AB0A28441C85DC773E /* libRNMixpanel.a */; };
		4DC7311AF1D74F1E8B6CEE99 /* libRNRandomBytes.a in Frameworks */ = {isa = PBXBuildFile; fileRef = 5310A6D0ED324581B5300939 /* libRNRandomBytes.a */; };
		93824594874C4E92AF9F93DF /* libRNScreens.a in Frameworks */ = {isa = PBXBuildFile; fileRef = 7B8FBE41AB8846DAB63916FD /* libRNScreens.a */; };
		BDE4306CCC5F4228B055A0EE /* libRNSVG.a in Frameworks */ = {isa = PBXBuildFile; fileRef = 3B375EB68D4F4BAA949008B7 /* libRNSVG.a */; };
/* End PBXBuildFile section */

/* Begin PBXCopyFilesBuildPhase section */
		58B511D91A9E6C8500147676 /* CopyFiles */ = {
			isa = PBXCopyFilesBuildPhase;
			buildActionMask = 2147483647;
			dstPath = "include/$(PRODUCT_NAME)";
			dstSubfolderSpec = 16;
			files = (
			);
			runOnlyForDeploymentPostprocessing = 0;
		};
/* End PBXCopyFilesBuildPhase section */

/* Begin PBXFileReference section */
		134814201AA4EA6300B7C361 /* libRNGoldenKeystore.a */ = {isa = PBXFileReference; explicitFileType = archive.ar; includeInIndex = 0; path = libRNGoldenKeystore.a; sourceTree = BUILT_PRODUCTS_DIR; };
		6F4797AD2107137200B9AEC1 /* RNGoldenKeystore-Bridging-Header.h */ = {isa = PBXFileReference; lastKnownFileType = sourcecode.c.h; path = "RNGoldenKeystore-Bridging-Header.h"; sourceTree = "<group>"; };
		6F479980210835C700B9AEC1 /* Data+HexString.m */ = {isa = PBXFileReference; fileEncoding = 4; lastKnownFileType = sourcecode.c.objc; path = "Data+HexString.m"; sourceTree = "<group>"; };
		6F479981210835C700B9AEC1 /* KeyDerivation.h */ = {isa = PBXFileReference; fileEncoding = 4; lastKnownFileType = sourcecode.c.h; path = KeyDerivation.h; sourceTree = "<group>"; };
		6F479982210835C700B9AEC1 /* HDKeyPair.m */ = {isa = PBXFileReference; fileEncoding = 4; lastKnownFileType = sourcecode.c.objc; path = HDKeyPair.m; sourceTree = "<group>"; };
		6F479983210835C800B9AEC1 /* KeyIndexPath.h */ = {isa = PBXFileReference; fileEncoding = 4; lastKnownFileType = sourcecode.c.h; path = KeyIndexPath.h; sourceTree = "<group>"; };
		6F479984210835C800B9AEC1 /* KeyIndexPath.m */ = {isa = PBXFileReference; fileEncoding = 4; lastKnownFileType = sourcecode.c.objc; path = KeyIndexPath.m; sourceTree = "<group>"; };
		6F479985210835C800B9AEC1 /* Data+HexString.h */ = {isa = PBXFileReference; fileEncoding = 4; lastKnownFileType = sourcecode.c.h; path = "Data+HexString.h"; sourceTree = "<group>"; };
		6F479986210835C800B9AEC1 /* HDKeyPair.h */ = {isa = PBXFileReference; fileEncoding = 4; lastKnownFileType = sourcecode.c.h; path = HDKeyPair.h; sourceTree = "<group>"; };
		6F479987210835C800B9AEC1 /* KeyDerivation.m */ = {isa = PBXFileReference; fileEncoding = 4; indentWidth = 2; lastKnownFileType = sourcecode.c.objc; path = KeyDerivation.m; sourceTree = "<group>"; tabWidth = 2; };
		6F47998C2108362100B9AEC1 /* Mnemonic.m */ = {isa = PBXFileReference; fileEncoding = 4; lastKnownFileType = sourcecode.c.objc; path = Mnemonic.m; sourceTree = "<group>"; };
		6F47998D2108362100B9AEC1 /* Mnemonic.h */ = {isa = PBXFileReference; fileEncoding = 4; lastKnownFileType = sourcecode.c.h; path = Mnemonic.h; sourceTree = "<group>"; };
		B3E7B5881CC2AC0600A0062D /* RNGoldenKeystore.h */ = {isa = PBXFileReference; fileEncoding = 4; lastKnownFileType = sourcecode.c.h; path = RNGoldenKeystore.h; sourceTree = "<group>"; };
		B3E7B5891CC2AC0600A0062D /* RNGoldenKeystore.m */ = {isa = PBXFileReference; fileEncoding = 4; lastKnownFileType = sourcecode.c.objc; path = RNGoldenKeystore.m; sourceTree = "<group>"; };
		195351FB985A4EF89A610A5E /* RNCAsyncStorage.xcodeproj */ = {isa = PBXFileReference; name = "RNCAsyncStorage.xcodeproj"; path = "../../../node_modules/@react-native-community/async-storage/ios/RNCAsyncStorage.xcodeproj"; sourceTree = "<group>"; fileEncoding = undefined; lastKnownFileType = wrapper.pb-project; explicitFileType = undefined; includeInIndex = 0; };
		40272C2A06C94619934732F2 /* libRNCAsyncStorage.a */ = {isa = PBXFileReference; name = "libRNCAsyncStorage.a"; path = "libRNCAsyncStorage.a"; sourceTree = "<group>"; fileEncoding = undefined; lastKnownFileType = archive.ar; explicitFileType = undefined; includeInIndex = 0; };
		0870F318276943F690A6334E /* RNGestureHandler.xcodeproj */ = {isa = PBXFileReference; name = "RNGestureHandler.xcodeproj"; path = "../../../node_modules/react-native-gesture-handler/ios/RNGestureHandler.xcodeproj"; sourceTree = "<group>"; fileEncoding = undefined; lastKnownFileType = wrapper.pb-project; explicitFileType = undefined; includeInIndex = 0; };
		1F905ACA0AC54E0495F61B2C /* libRNGestureHandler.a */ = {isa = PBXFileReference; name = "libRNGestureHandler.a"; path = "libRNGestureHandler.a"; sourceTree = "<group>"; fileEncoding = undefined; lastKnownFileType = archive.ar; explicitFileType = undefined; includeInIndex = 0; };
		98B56C6AB94548BEBD6596B1 /* RNReactNativeHapticFeedback.xcodeproj */ = {isa = PBXFileReference; name = "RNReactNativeHapticFeedback.xcodeproj"; path = "../../../node_modules/react-native-haptic-feedback/ios/RNReactNativeHapticFeedback.xcodeproj"; sourceTree = "<group>"; fileEncoding = undefined; lastKnownFileType = wrapper.pb-project; explicitFileType = undefined; includeInIndex = 0; };
		C49C9FDE5E31457AAF0B1C3E /* libRNReactNativeHapticFeedback.a */ = {isa = PBXFileReference; name = "libRNReactNativeHapticFeedback.a"; path = "libRNReactNativeHapticFeedback.a"; sourceTree = "<group>"; fileEncoding = undefined; lastKnownFileType = archive.ar; explicitFileType = undefined; includeInIndex = 0; };
		5C61553EE2F44619AD1EC3F5 /* RNMixpanel.xcodeproj */ = {isa = PBXFileReference; name = "RNMixpanel.xcodeproj"; path = "../../../node_modules/react-native-mixpanel/RNMixpanel.xcodeproj"; sourceTree = "<group>"; fileEncoding = undefined; lastKnownFileType = wrapper.pb-project; explicitFileType = undefined; includeInIndex = 0; };
		A91C85AB0A28441C85DC773E /* libRNMixpanel.a */ = {isa = PBXFileReference; name = "libRNMixpanel.a"; path = "libRNMixpanel.a"; sourceTree = "<group>"; fileEncoding = undefined; lastKnownFileType = archive.ar; explicitFileType = undefined; includeInIndex = 0; };
		54D4212689FC421C9D009D51 /* RNRandomBytes.xcodeproj */ = {isa = PBXFileReference; name = "RNRandomBytes.xcodeproj"; path = "../../../node_modules/react-native-randombytes/RNRandomBytes.xcodeproj"; sourceTree = "<group>"; fileEncoding = undefined; lastKnownFileType = wrapper.pb-project; explicitFileType = undefined; includeInIndex = 0; };
		5310A6D0ED324581B5300939 /* libRNRandomBytes.a */ = {isa = PBXFileReference; name = "libRNRandomBytes.a"; path = "libRNRandomBytes.a"; sourceTree = "<group>"; fileEncoding = undefined; lastKnownFileType = archive.ar; explicitFileType = undefined; includeInIndex = 0; };
		D43A81937044478F8CE3437D /* RNScreens.xcodeproj */ = {isa = PBXFileReference; name = "RNScreens.xcodeproj"; path = "../../../node_modules/react-native-screens/ios/RNScreens.xcodeproj"; sourceTree = "<group>"; fileEncoding = undefined; lastKnownFileType = wrapper.pb-project; explicitFileType = undefined; includeInIndex = 0; };
		7B8FBE41AB8846DAB63916FD /* libRNScreens.a */ = {isa = PBXFileReference; name = "libRNScreens.a"; path = "libRNScreens.a"; sourceTree = "<group>"; fileEncoding = undefined; lastKnownFileType = archive.ar; explicitFileType = undefined; includeInIndex = 0; };
		6AA13B6862244A55A035D5A6 /* RNSVG.xcodeproj */ = {isa = PBXFileReference; name = "RNSVG.xcodeproj"; path = "../../../node_modules/react-native-svg/ios/RNSVG.xcodeproj"; sourceTree = "<group>"; fileEncoding = undefined; lastKnownFileType = wrapper.pb-project; explicitFileType = undefined; includeInIndex = 0; };
		3B375EB68D4F4BAA949008B7 /* libRNSVG.a */ = {isa = PBXFileReference; name = "libRNSVG.a"; path = "libRNSVG.a"; sourceTree = "<group>"; fileEncoding = undefined; lastKnownFileType = archive.ar; explicitFileType = undefined; includeInIndex = 0; };
/* End PBXFileReference section */

/* Begin PBXFrameworksBuildPhase section */
		58B511D81A9E6C8500147676 /* Frameworks */ = {
			isa = PBXFrameworksBuildPhase;
			buildActionMask = 2147483647;
			files = (
				420E26B2CA494AEAB9EA65B5 /* libRNCAsyncStorage.a in Frameworks */,
				28325FB6FF5C4459956849BC /* libRNGestureHandler.a in Frameworks */,
				35FF540EC8D648BF8DF5330A /* libRNReactNativeHapticFeedback.a in Frameworks */,
				9A00035DE60944B3BAD6BD0B /* libRNMixpanel.a in Frameworks */,
				4DC7311AF1D74F1E8B6CEE99 /* libRNRandomBytes.a in Frameworks */,
				93824594874C4E92AF9F93DF /* libRNScreens.a in Frameworks */,
				BDE4306CCC5F4228B055A0EE /* libRNSVG.a in Frameworks */,
			);
			runOnlyForDeploymentPostprocessing = 0;
		};
/* End PBXFrameworksBuildPhase section */

/* Begin PBXGroup section */
		134814211AA4EA7D00B7C361 /* Products */ = {
			isa = PBXGroup;
			children = (
				134814201AA4EA6300B7C361 /* libRNGoldenKeystore.a */,
			);
			name = Products;
			sourceTree = "<group>";
		};
		58B511D21A9E6C8500147676 = {
			isa = PBXGroup;
			children = (
				6F479985210835C800B9AEC1 /* Data+HexString.h */,
				6F479980210835C700B9AEC1 /* Data+HexString.m */,
				6F47998D2108362100B9AEC1 /* Mnemonic.h */,
				6F47998C2108362100B9AEC1 /* Mnemonic.m */,
				6F479986210835C800B9AEC1 /* HDKeyPair.h */,
				6F479982210835C700B9AEC1 /* HDKeyPair.m */,
				6F479981210835C700B9AEC1 /* KeyDerivation.h */,
				6F479987210835C800B9AEC1 /* KeyDerivation.m */,
				6F479983210835C800B9AEC1 /* KeyIndexPath.h */,
				6F479984210835C800B9AEC1 /* KeyIndexPath.m */,
				B3E7B5881CC2AC0600A0062D /* RNGoldenKeystore.h */,
				B3E7B5891CC2AC0600A0062D /* RNGoldenKeystore.m */,
				134814211AA4EA7D00B7C361 /* Products */,
				6F4797AD2107137200B9AEC1 /* RNGoldenKeystore-Bridging-Header.h */,
				CEA8DF4E8D92495A8107A119 /* Libraries */,
			);
			sourceTree = "<group>";
		};
		CEA8DF4E8D92495A8107A119 /* Libraries */ = {
			isa = "PBXGroup";
			children = (
				195351FB985A4EF89A610A5E /* RNCAsyncStorage.xcodeproj */,
				0870F318276943F690A6334E /* RNGestureHandler.xcodeproj */,
				98B56C6AB94548BEBD6596B1 /* RNReactNativeHapticFeedback.xcodeproj */,
				5C61553EE2F44619AD1EC3F5 /* RNMixpanel.xcodeproj */,
				54D4212689FC421C9D009D51 /* RNRandomBytes.xcodeproj */,
				D43A81937044478F8CE3437D /* RNScreens.xcodeproj */,
				6AA13B6862244A55A035D5A6 /* RNSVG.xcodeproj */,
			);
			name = Libraries;
			sourceTree = "<group>";
			path = "";
		};
/* End PBXGroup section */

/* Begin PBXNativeTarget section */
		58B511DA1A9E6C8500147676 /* RNGoldenKeystore */ = {
			isa = PBXNativeTarget;
			buildConfigurationList = 58B511EF1A9E6C8500147676 /* Build configuration list for PBXNativeTarget "RNGoldenKeystore" */;
			buildPhases = (
				F62C728D48DDF838AFB2010B /* [CP] Check Pods Manifest.lock */,
				58B511D71A9E6C8500147676 /* Sources */,
				58B511D81A9E6C8500147676 /* Frameworks */,
				58B511D91A9E6C8500147676 /* CopyFiles */,
			);
			buildRules = (
			);
			dependencies = (
			);
			name = RNGoldenKeystore;
			productName = RCTDataManager;
			productReference = 134814201AA4EA6300B7C361 /* libRNGoldenKeystore.a */;
			productType = "com.apple.product-type.library.static";
		};
/* End PBXNativeTarget section */

/* Begin PBXProject section */
		58B511D31A9E6C8500147676 /* Project object */ = {
			isa = PBXProject;
			attributes = {
				LastUpgradeCheck = 830;
				ORGANIZATIONNAME = Facebook;
				TargetAttributes = {
					58B511DA1A9E6C8500147676 = {
						CreatedOnToolsVersion = 6.1.1;
						LastSwiftMigration = 940;
					};
				};
			};
			buildConfigurationList = 58B511D61A9E6C8500147676 /* Build configuration list for PBXProject "RNGoldenKeystore" */;
			compatibilityVersion = "Xcode 3.2";
			developmentRegion = English;
			hasScannedForEncodings = 0;
			knownRegions = (
				en,
			);
			mainGroup = 58B511D21A9E6C8500147676;
			productRefGroup = 58B511D21A9E6C8500147676;
			projectDirPath = "";
			projectRoot = "";
			targets = (
				58B511DA1A9E6C8500147676 /* RNGoldenKeystore */,
			);
		};
/* End PBXProject section */

/* Begin PBXShellScriptBuildPhase section */
		F62C728D48DDF838AFB2010B /* [CP] Check Pods Manifest.lock */ = {
			isa = PBXShellScriptBuildPhase;
			buildActionMask = 2147483647;
			files = (
			);
			inputPaths = (
				"${PODS_PODFILE_DIR_PATH}/Podfile.lock",
				"${PODS_ROOT}/Manifest.lock",
			);
			name = "[CP] Check Pods Manifest.lock";
			outputPaths = (
				"$(DERIVED_FILE_DIR)/Pods-RNGoldenKeystore-checkManifestLockResult.txt",
			);
			runOnlyForDeploymentPostprocessing = 0;
			shellPath = /bin/sh;
			shellScript = "diff \"${PODS_PODFILE_DIR_PATH}/Podfile.lock\" \"${PODS_ROOT}/Manifest.lock\" > /dev/null\nif [ $? != 0 ] ; then\n    # print error to STDERR\n    echo \"error: The sandbox is not in sync with the Podfile.lock. Run 'pod install' or update your CocoaPods installation.\" >&2\n    exit 1\nfi\n# This output is used by Xcode 'outputs' to avoid re-running this script phase.\necho \"SUCCESS\" > \"${SCRIPT_OUTPUT_FILE_0}\"\n";
			showEnvVarsInLog = 0;
		};
/* End PBXShellScriptBuildPhase section */

/* Begin PBXSourcesBuildPhase section */
		58B511D71A9E6C8500147676 /* Sources */ = {
			isa = PBXSourcesBuildPhase;
			buildActionMask = 2147483647;
			files = (
				6F479989210835C800B9AEC1 /* HDKeyPair.m in Sources */,
				6F47998E2108362100B9AEC1 /* Mnemonic.m in Sources */,
				6F479988210835C800B9AEC1 /* Data+HexString.m in Sources */,
				B3E7B58A1CC2AC0600A0062D /* RNGoldenKeystore.m in Sources */,
				6F47998A210835C800B9AEC1 /* KeyIndexPath.m in Sources */,
				6F47998B210835C800B9AEC1 /* KeyDerivation.m in Sources */,
			);
			runOnlyForDeploymentPostprocessing = 0;
		};
/* End PBXSourcesBuildPhase section */

/* Begin XCBuildConfiguration section */
		58B511ED1A9E6C8500147676 /* Debug */ = {
			isa = XCBuildConfiguration;
			buildSettings = {
				ALWAYS_SEARCH_USER_PATHS = NO;
				CLANG_CXX_LANGUAGE_STANDARD = "gnu++0x";
				CLANG_CXX_LIBRARY = "libc++";
				CLANG_ENABLE_MODULES = YES;
				CLANG_ENABLE_OBJC_ARC = YES;
				CLANG_WARN_BOOL_CONVERSION = YES;
				CLANG_WARN_CONSTANT_CONVERSION = YES;
				CLANG_WARN_DIRECT_OBJC_ISA_USAGE = YES_ERROR;
				CLANG_WARN_EMPTY_BODY = YES;
				CLANG_WARN_ENUM_CONVERSION = YES;
				CLANG_WARN_INFINITE_RECURSION = YES;
				CLANG_WARN_INT_CONVERSION = YES;
				CLANG_WARN_OBJC_ROOT_CLASS = YES_ERROR;
				CLANG_WARN_SUSPICIOUS_MOVE = YES;
				CLANG_WARN_UNREACHABLE_CODE = YES;
				CLANG_WARN__DUPLICATE_METHOD_MATCH = YES;
				COPY_PHASE_STRIP = NO;
				ENABLE_STRICT_OBJC_MSGSEND = YES;
				ENABLE_TESTABILITY = YES;
				GCC_C_LANGUAGE_STANDARD = gnu99;
				GCC_DYNAMIC_NO_PIC = NO;
				GCC_NO_COMMON_BLOCKS = YES;
				GCC_OPTIMIZATION_LEVEL = 0;
				GCC_PREPROCESSOR_DEFINITIONS = (
					"DEBUG=1",
					"$(inherited)",
				);
				GCC_SYMBOLS_PRIVATE_EXTERN = NO;
				GCC_WARN_64_TO_32_BIT_CONVERSION = YES;
				GCC_WARN_ABOUT_RETURN_TYPE = YES_ERROR;
				GCC_WARN_UNDECLARED_SELECTOR = YES;
				GCC_WARN_UNINITIALIZED_AUTOS = YES_AGGRESSIVE;
				GCC_WARN_UNUSED_FUNCTION = YES;
				GCC_WARN_UNUSED_VARIABLE = YES;
				IPHONEOS_DEPLOYMENT_TARGET = 8.0;
				MTL_ENABLE_DEBUG_INFO = YES;
				ONLY_ACTIVE_ARCH = YES;
				SDKROOT = iphoneos;
			};
			name = Debug;
		};
		58B511EE1A9E6C8500147676 /* Release */ = {
			isa = XCBuildConfiguration;
			buildSettings = {
				ALWAYS_SEARCH_USER_PATHS = NO;
				CLANG_CXX_LANGUAGE_STANDARD = "gnu++0x";
				CLANG_CXX_LIBRARY = "libc++";
				CLANG_ENABLE_MODULES = YES;
				CLANG_ENABLE_OBJC_ARC = YES;
				CLANG_WARN_BOOL_CONVERSION = YES;
				CLANG_WARN_CONSTANT_CONVERSION = YES;
				CLANG_WARN_DIRECT_OBJC_ISA_USAGE = YES_ERROR;
				CLANG_WARN_EMPTY_BODY = YES;
				CLANG_WARN_ENUM_CONVERSION = YES;
				CLANG_WARN_INFINITE_RECURSION = YES;
				CLANG_WARN_INT_CONVERSION = YES;
				CLANG_WARN_OBJC_ROOT_CLASS = YES_ERROR;
				CLANG_WARN_SUSPICIOUS_MOVE = YES;
				CLANG_WARN_UNREACHABLE_CODE = YES;
				CLANG_WARN__DUPLICATE_METHOD_MATCH = YES;
				COPY_PHASE_STRIP = YES;
				ENABLE_NS_ASSERTIONS = NO;
				ENABLE_STRICT_OBJC_MSGSEND = YES;
				GCC_C_LANGUAGE_STANDARD = gnu99;
				GCC_NO_COMMON_BLOCKS = YES;
				GCC_WARN_64_TO_32_BIT_CONVERSION = YES;
				GCC_WARN_ABOUT_RETURN_TYPE = YES_ERROR;
				GCC_WARN_UNDECLARED_SELECTOR = YES;
				GCC_WARN_UNINITIALIZED_AUTOS = YES_AGGRESSIVE;
				GCC_WARN_UNUSED_FUNCTION = YES;
				GCC_WARN_UNUSED_VARIABLE = YES;
				IPHONEOS_DEPLOYMENT_TARGET = 8.0;
				MTL_ENABLE_DEBUG_INFO = NO;
				SDKROOT = iphoneos;
				VALIDATE_PRODUCT = YES;
			};
			name = Release;
		};
		58B511F01A9E6C8500147676 /* Debug */ = {
			isa = XCBuildConfiguration;
			buildSettings = {
				CLANG_ENABLE_MODULES = YES;
				HEADER_SEARCH_PATHS = (
					"$(inherited)",
					/Applications/Xcode.app/Contents/Developer/Toolchains/XcodeDefault.xctoolchain/usr/include,
					"$(SRCROOT)/../../../React/**",
					"$(SRCROOT)/../../react-native/React/**",
				);
				LD_RUNPATH_SEARCH_PATHS = "$(inherited) @executable_path/Frameworks @loader_path/Frameworks";
				LIBRARY_SEARCH_PATHS = (
					"$(inherited)",
					"\"$(SRCROOT)/RNGoldenKeystore\"",
					"\"$(SRCROOT)/RNGoldenKeystore\"",
					"\"$(SRCROOT)/RNGoldenKeystore\"",
					"\"$(SRCROOT)/RNGoldenKeystore\"",
					"\"$(SRCROOT)/RNGoldenKeystore\"",
					"\"$(SRCROOT)/RNGoldenKeystore\"",
					"\"$(SRCROOT)/RNGoldenKeystore\"",
				);
				OTHER_LDFLAGS = (
					"$(inherited)",
					"-ObjC",
				);
				PRODUCT_NAME = RNGoldenKeystore;
				SKIP_INSTALL = YES;
				SWIFT_OPTIMIZATION_LEVEL = "-Onone";
				SWIFT_VERSION = 3.0;
			};
			name = Debug;
		};
		58B511F11A9E6C8500147676 /* Release */ = {
			isa = XCBuildConfiguration;
			buildSettings = {
				CLANG_ENABLE_MODULES = YES;
				HEADER_SEARCH_PATHS = (
					"$(inherited)",
					/Applications/Xcode.app/Contents/Developer/Toolchains/XcodeDefault.xctoolchain/usr/include,
					"$(SRCROOT)/../../../React/**",
					"$(SRCROOT)/../../react-native/React/**",
				);
				LD_RUNPATH_SEARCH_PATHS = "$(inherited) @executable_path/Frameworks @loader_path/Frameworks";
				LIBRARY_SEARCH_PATHS = (
					"$(inherited)",
					"\"$(SRCROOT)/RNGoldenKeystore\"",
					"\"$(SRCROOT)/RNGoldenKeystore\"",
					"\"$(SRCROOT)/RNGoldenKeystore\"",
					"\"$(SRCROOT)/RNGoldenKeystore\"",
					"\"$(SRCROOT)/RNGoldenKeystore\"",
					"\"$(SRCROOT)/RNGoldenKeystore\"",
					"\"$(SRCROOT)/RNGoldenKeystore\"",
				);
				OTHER_LDFLAGS = (
					"$(inherited)",
					"-ObjC",
				);
				PRODUCT_NAME = RNGoldenKeystore;
				SKIP_INSTALL = YES;
				SWIFT_VERSION = 3.0;
			};
			name = Release;
		};
/* End XCBuildConfiguration section */

/* Begin XCConfigurationList section */
		58B511D61A9E6C8500147676 /* Build configuration list for PBXProject "RNGoldenKeystore" */ = {
			isa = XCConfigurationList;
			buildConfigurations = (
				58B511ED1A9E6C8500147676 /* Debug */,
				58B511EE1A9E6C8500147676 /* Release */,
			);
			defaultConfigurationIsVisible = 0;
			defaultConfigurationName = Release;
		};
		58B511EF1A9E6C8500147676 /* Build configuration list for PBXNativeTarget "RNGoldenKeystore" */ = {
			isa = XCConfigurationList;
			buildConfigurations = (
				58B511F01A9E6C8500147676 /* Debug */,
				58B511F11A9E6C8500147676 /* Release */,
			);
			defaultConfigurationIsVisible = 0;
			defaultConfigurationName = Release;
		};
/* End XCConfigurationList section */
	};
	rootObject = 58B511D31A9E6C8500147676 /* Project object */;
}
